
Microsoft Visual Studio Solution File, Format Version 12.00
# Visual Studio Version 17
VisualStudioVersion = 17.6.33829.357
MinimumVisualStudioVersion = 10.0.40219.1
Project("{9A19103F-16F7-4668-BE54-9A1E7A4F7556}") = "PaymentService", "PaymentService\PaymentService.csproj", "{427F1547-5899-4851-8E94-BE91EBD5AD0F}"
EndProject
Project("{9A19103F-16F7-4668-BE54-9A1E7A4F7556}") = "APIGateway", "..\APIGateway\APIGateway\APIGateway.csproj", "{1733110D-EE6C-4C5E-B13E-155FF979D69D}"
EndProject
Project("{9A19103F-16F7-4668-BE54-9A1E7A4F7556}") = "BookingService", "..\BookingService\BookingService\BookingService\BookingService.csproj", "{05998E96-DA1F-4D3A-BCA4-CE0761FDA41F}"
EndProject
Project("{9A19103F-16F7-4668-BE54-9A1E7A4F7556}") = "PackageService", "..\PackageService\PackageService\PackageService\PackageService.csproj", "{5F52FBDC-263D-4D15-B2FB-6FF05F5DE7CF}"
EndProject
Project("{9A19103F-16F7-4668-BE54-9A1E7A4F7556}") = "Registration", "..\Registration\Registration\Registration\Registration.csproj", "{91E1E73C-0F92-4FE6-BC15-1D93E0E28AE4}"
EndProject
Global
	GlobalSection(SolutionConfigurationPlatforms) = preSolution
		Debug|Any CPU = Debug|Any CPU
		Release|Any CPU = Release|Any CPU
	EndGlobalSection
	GlobalSection(ProjectConfigurationPlatforms) = postSolution
		{427F1547-5899-4851-8E94-BE91EBD5AD0F}.Debug|Any CPU.ActiveCfg = Debug|Any CPU
		{427F1547-5899-4851-8E94-BE91EBD5AD0F}.Debug|Any CPU.Build.0 = Debug|Any CPU
		{427F1547-5899-4851-8E94-BE91EBD5AD0F}.Release|Any CPU.ActiveCfg = Release|Any CPU
		{427F1547-5899-4851-8E94-BE91EBD5AD0F}.Release|Any CPU.Build.0 = Release|Any CPU
		{1733110D-EE6C-4C5E-B13E-155FF979D69D}.Debug|Any CPU.ActiveCfg = Debug|Any CPU
		{1733110D-EE6C-4C5E-B13E-155FF979D69D}.Debug|Any CPU.Build.0 = Debug|Any CPU
		{1733110D-EE6C-4C5E-B13E-155FF979D69D}.Release|Any CPU.ActiveCfg = Release|Any CPU
		{1733110D-EE6C-4C5E-B13E-155FF979D69D}.Release|Any CPU.Build.0 = Release|Any CPU
		{05998E96-DA1F-4D3A-BCA4-CE0761FDA41F}.Debug|Any CPU.ActiveCfg = Debug|Any CPU
		{05998E96-DA1F-4D3A-BCA4-CE0761FDA41F}.Debug|Any CPU.Build.0 = Debug|Any CPU
		{05998E96-DA1F-4D3A-BCA4-CE0761FDA41F}.Release|Any CPU.ActiveCfg = Release|Any CPU
		{05998E96-DA1F-4D3A-BCA4-CE0761FDA41F}.Release|Any CPU.Build.0 = Release|Any CPU
		{5F52FBDC-263D-4D15-B2FB-6FF05F5DE7CF}.Debug|Any CPU.ActiveCfg = Debug|Any CPU
		{5F52FBDC-263D-4D15-B2FB-6FF05F5DE7CF}.Debug|Any CPU.Build.0 = Debug|Any CPU
		{5F52FBDC-263D-4D15-B2FB-6FF05F5DE7CF}.Release|Any CPU.ActiveCfg = Release|Any CPU
		{5F52FBDC-263D-4D15-B2FB-6FF05F5DE7CF}.Release|Any CPU.Build.0 = Release|Any CPU
		{91E1E73C-0F92-4FE6-BC15-1D93E0E28AE4}.Debug|Any CPU.ActiveCfg = Debug|Any CPU
		{91E1E73C-0F92-4FE6-BC15-1D93E0E28AE4}.Debug|Any CPU.Build.0 = Debug|Any CPU
		{91E1E73C-0F92-4FE6-BC15-1D93E0E28AE4}.Release|Any CPU.ActiveCfg = Release|Any CPU
		{91E1E73C-0F92-4FE6-BC15-1D93E0E28AE4}.Release|Any CPU.Build.0 = Release|Any CPU
	EndGlobalSection
	GlobalSection(SolutionProperties) = preSolution
		HideSolutionNode = FALSE
	EndGlobalSection
	GlobalSection(ExtensibilityGlobals) = postSolution
		SolutionGuid = {F7E95766-30BD-4228-A3DD-8F1B9A79B576}
	EndGlobalSection
EndGlobal
